// !$*UTF8*$!
{
	archiveVersion = 1;
	classes = {
	};
	objectVersion = 55;
	objects = {

/* Begin PBXBuildFile section */
		845890B22831DD9F00D67EAF /* main.cpp in Sources */ = {isa = PBXBuildFile; fileRef = 845890B12831DD9F00D67EAF /* main.cpp */; };
		845890BB2831DE1300D67EAF /* tree_node.cpp in Sources */ = {isa = PBXBuildFile; fileRef = 845890B92831DE1300D67EAF /* tree_node.cpp */; };
		845890C12831DEFF00D67EAF /* no_94_inorder_traversal.cpp in Sources */ = {isa = PBXBuildFile; fileRef = 845890BF2831DEFF00D67EAF /* no_94_inorder_traversal.cpp */; };
/* End PBXBuildFile section */

/* Begin PBXCopyFilesBuildPhase section */
		845890AC2831DD9F00D67EAF /* CopyFiles */ = {
			isa = PBXCopyFilesBuildPhase;
			buildActionMask = 2147483647;
			dstPath = /usr/share/man/man1/;
			dstSubfolderSpec = 0;
			files = (
			);
			runOnlyForDeploymentPostprocessing = 1;
		};
/* End PBXCopyFilesBuildPhase section */

/* Begin PBXFileReference section */
		845890AE2831DD9F00D67EAF /* leet-code-cplusplus */ = {isa = PBXFileReference; explicitFileType = "compiled.mach-o.executable"; includeInIndex = 0; path = "leet-code-cplusplus"; sourceTree = BUILT_PRODUCTS_DIR; };
		845890B12831DD9F00D67EAF /* main.cpp */ = {isa = PBXFileReference; lastKnownFileType = sourcecode.cpp.cpp; path = main.cpp; sourceTree = "<group>"; };
		845890B92831DE1300D67EAF /* tree_node.cpp */ = {isa = PBXFileReference; lastKnownFileType = sourcecode.cpp.cpp; path = tree_node.cpp; sourceTree = "<group>"; };
		845890BA2831DE1300D67EAF /* tree_node.hpp */ = {isa = PBXFileReference; lastKnownFileType = sourcecode.cpp.h; path = tree_node.hpp; sourceTree = "<group>"; };
		845890BF2831DEFF00D67EAF /* no_94_inorder_traversal.cpp */ = {isa = PBXFileReference; lastKnownFileType = sourcecode.cpp.cpp; path = no_94_inorder_traversal.cpp; sourceTree = "<group>"; };
		845890C02831DEFF00D67EAF /* no_94_inorder_traversal.hpp */ = {isa = PBXFileReference; lastKnownFileType = sourcecode.cpp.h; path = no_94_inorder_traversal.hpp; sourceTree = "<group>"; };
/* End PBXFileReference section */

/* Begin PBXFrameworksBuildPhase section */
		845890AB2831DD9F00D67EAF /* Frameworks */ = {
			isa = PBXFrameworksBuildPhase;
			buildActionMask = 2147483647;
			files = (
			);
			runOnlyForDeploymentPostprocessing = 0;
		};
/* End PBXFrameworksBuildPhase section */

/* Begin PBXGroup section */
		845890A52831DD9F00D67EAF = {
			isa = PBXGroup;
			children = (
				845890B02831DD9F00D67EAF /* leet-code-cplusplus */,
				845890AF2831DD9F00D67EAF /* Products */,
			);
			sourceTree = "<group>";
		};
		845890AF2831DD9F00D67EAF /* Products */ = {
			isa = PBXGroup;
			children = (
				845890AE2831DD9F00D67EAF /* leet-code-cplusplus */,
			);
			name = Products;
			sourceTree = "<group>";
		};
		845890B02831DD9F00D67EAF /* leet-code-cplusplus */ = {
			isa = PBXGroup;
			children = (
				845890BC2831DE8F00D67EAF /* letsgo */,
				845890B82831DDD000D67EAF /* structures */,
				845890B12831DD9F00D67EAF /* main.cpp */,
			);
			path = "leet-code-cplusplus";
			sourceTree = "<group>";
		};
		845890B82831DDD000D67EAF /* structures */ = {
			isa = PBXGroup;
			children = (
				845890B92831DE1300D67EAF /* tree_node.cpp */,
				845890BA2831DE1300D67EAF /* tree_node.hpp */,
			);
			path = structures;
			sourceTree = "<group>";
		};
		845890BC2831DE8F00D67EAF /* letsgo */ = {
			isa = PBXGroup;
			children = (
				845890BD2831DEB300D67EAF /* tree */,
			);
			path = letsgo;
			sourceTree = "<group>";
		};
		845890BD2831DEB300D67EAF /* tree */ = {
			isa = PBXGroup;
			children = (
				845890BE2831DEBE00D67EAF /* binary_tree */,
			);
			path = tree;
			sourceTree = "<group>";
		};
		845890BE2831DEBE00D67EAF /* binary_tree */ = {
			isa = PBXGroup;
			children = (
				845890BF2831DEFF00D67EAF /* no_94_inorder_traversal.cpp */,
				845890C02831DEFF00D67EAF /* no_94_inorder_traversal.hpp */,
			);
			path = binary_tree;
			sourceTree = "<group>";
		};
/* End PBXGroup section */

/* Begin PBXNativeTarget section */
		845890AD2831DD9F00D67EAF /* leet-code-cplusplus */ = {
			isa = PBXNativeTarget;
			buildConfigurationList = 845890B52831DD9F00D67EAF /* Build configuration list for PBXNativeTarget "leet-code-cplusplus" */;
			buildPhases = (
				845890AA2831DD9F00D67EAF /* Sources */,
				845890AB2831DD9F00D67EAF /* Frameworks */,
				845890AC2831DD9F00D67EAF /* CopyFiles */,
			);
			buildRules = (
			);
			dependencies = (
			);
			name = "leet-code-cplusplus";
			productName = "leet-code-cplusplus";
			productReference = 845890AE2831DD9F00D67EAF /* leet-code-cplusplus */;
			productType = "com.apple.product-type.tool";
		};
/* End PBXNativeTarget section */

/* Begin PBXProject section */
		845890A62831DD9F00D67EAF /* Project object */ = {
			isa = PBXProject;
			attributes = {
				BuildIndependentTargetsInParallel = 1;
				LastUpgradeCheck = 1320;
				TargetAttributes = {
					845890AD2831DD9F00D67EAF = {
						CreatedOnToolsVersion = 13.2.1;
					};
				};
			};
			buildConfigurationList = 845890A92831DD9F00D67EAF /* Build configuration list for PBXProject "leet-code-cplusplus" */;
			compatibilityVersion = "Xcode 13.0";
			developmentRegion = en;
			hasScannedForEncodings = 0;
			knownRegions = (
				en,
				Base,
			);
			mainGroup = 845890A52831DD9F00D67EAF;
			productRefGroup = 845890AF2831DD9F00D67EAF /* Products */;
			projectDirPath = "";
			projectRoot = "";
			targets = (
				845890AD2831DD9F00D67EAF /* leet-code-cplusplus */,
			);
		};
/* End PBXProject section */

/* Begin PBXSourcesBuildPhase section */
		845890AA2831DD9F00D67EAF /* Sources */ = {
			isa = PBXSourcesBuildPhase;
			buildActionMask = 2147483647;
			files = (
				845890C12831DEFF00D67EAF /* no_94_inorder_traversal.cpp in Sources */,
				845890B22831DD9F00D67EAF /* main.cpp in Sources */,
				845890BB2831DE1300D67EAF /* tree_node.cpp in Sources */,
			);
			runOnlyForDeploymentPostprocessing = 0;
		};
/* End PBXSourcesBuildPhase section */

/* Begin XCBuildConfiguration section */
		845890B32831DD9F00D67EAF /* Debug */ = {
			isa = XCBuildConfiguration;
			buildSettings = {
				ALWAYS_SEARCH_USER_PATHS = NO;
				CLANG_ANALYZER_NONNULL = YES;
				CLANG_ANALYZER_NUMBER_OBJECT_CONVERSION = YES_AGGRESSIVE;
				CLANG_CXX_LANGUAGE_STANDARD = "gnu++17";
				CLANG_CXX_LIBRARY = "libc++";
				CLANG_ENABLE_MODULES = YES;
				CLANG_ENABLE_OBJC_ARC = YES;
				CLANG_ENABLE_OBJC_WEAK = YES;
				CLANG_WARN_BLOCK_CAPTURE_AUTORELEASING = YES;
				CLANG_WARN_BOOL_CONVERSION = YES;
				CLANG_WARN_COMMA = YES;
				CLANG_WARN_CONSTANT_CONVERSION = YES;
				CLANG_WARN_DEPRECATED_OBJC_IMPLEMENTATIONS = YES;
				CLANG_WARN_DIRECT_OBJC_ISA_USAGE = YES_ERROR;
				CLANG_WARN_DOCUMENTATION_COMMENTS = YES;
				CLANG_WARN_EMPTY_BODY = YES;
				CLANG_WARN_ENUM_CONVERSION = YES;
				CLANG_WARN_INFINITE_RECURSION = YES;
				CLANG_WARN_INT_CONVERSION = YES;
				CLANG_WARN_NON_LITERAL_NULL_CONVERSION = YES;
				CLANG_WARN_OBJC_IMPLICIT_RETAIN_SELF = YES;
				CLANG_WARN_OBJC_LITERAL_CONVERSION = YES;
				CLANG_WARN_OBJC_ROOT_CLASS = YES_ERROR;
				CLANG_WARN_QUOTED_INCLUDE_IN_FRAMEWORK_HEADER = YES;
				CLANG_WARN_RANGE_LOOP_ANALYSIS = YES;
				CLANG_WARN_STRICT_PROTOTYPES = YES;
				CLANG_WARN_SUSPICIOUS_MOVE = YES;
				CLANG_WARN_UNGUARDED_AVAILABILITY = YES_AGGRESSIVE;
				CLANG_WARN_UNREACHABLE_CODE = YES;
				CLANG_WARN__DUPLICATE_METHOD_MATCH = YES;
				COPY_PHASE_STRIP = NO;
				DEBUG_INFORMATION_FORMAT = dwarf;
				ENABLE_STRICT_OBJC_MSGSEND = YES;
				ENABLE_TESTABILITY = YES;
				GCC_C_LANGUAGE_STANDARD = gnu11;
				GCC_DYNAMIC_NO_PIC = NO;
				GCC_NO_COMMON_BLOCKS = YES;
				GCC_OPTIMIZATION_LEVEL = 0;
				GCC_PREPROCESSOR_DEFINITIONS = (
					"DEBUG=1",
					"$(inherited)",
				);
				GCC_WARN_64_TO_32_BIT_CONVERSION = YES;
				GCC_WARN_ABOUT_RETURN_TYPE = YES_ERROR;
				GCC_WARN_UNDECLARED_SELECTOR = YES;
				GCC_WARN_UNINITIALIZED_AUTOS = YES_AGGRESSIVE;
				GCC_WARN_UNUSED_FUNCTION = YES;
				GCC_WARN_UNUSED_VARIABLE = YES;
				MACOSX_DEPLOYMENT_TARGET = 11.4;
				MTL_ENABLE_DEBUG_INFO = INCLUDE_SOURCE;
				MTL_FAST_MATH = YES;
				ONLY_ACTIVE_ARCH = YES;
				SDKROOT = macosx;
			};
			name = Debug;
		};
		845890B42831DD9F00D67EAF /* Release */ = {
			isa = XCBuildConfiguration;
			buildSettings = {
				ALWAYS_SEARCH_USER_PATHS = NO;
				CLANG_ANALYZER_NONNULL = YES;
				CLANG_ANALYZER_NUMBER_OBJECT_CONVERSION = YES_AGGRESSIVE;
				CLANG_CXX_LANGUAGE_STANDARD = "gnu++17";
				CLANG_CXX_LIBRARY = "libc++";
				CLANG_ENABLE_MODULES = YES;
				CLANG_ENABLE_OBJC_ARC = YES;
				CLANG_ENABLE_OBJC_WEAK = YES;
				CLANG_WARN_BLOCK_CAPTURE_AUTORELEASING = YES;
				CLANG_WARN_BOOL_CONVERSION = YES;
				CLANG_WARN_COMMA = YES;
				CLANG_WARN_CONSTANT_CONVERSION = YES;
				CLANG_WARN_DEPRECATED_OBJC_IMPLEMENTATIONS = YES;
				CLANG_WARN_DIRECT_OBJC_ISA_USAGE = YES_ERROR;
				CLANG_WARN_DOCUMENTATION_COMMENTS = YES;
				CLANG_WARN_EMPTY_BODY = YES;
				CLANG_WARN_ENUM_CONVERSION = YES;
				CLANG_WARN_INFINITE_RECURSION = YES;
				CLANG_WARN_INT_CONVERSION = YES;
				CLANG_WARN_NON_LITERAL_NULL_CONVERSION = YES;
				CLANG_WARN_OBJC_IMPLICIT_RETAIN_SELF = YES;
				CLANG_WARN_OBJC_LITERAL_CONVERSION = YES;
				CLANG_WARN_OBJC_ROOT_CLASS = YES_ERROR;
				CLANG_WARN_QUOTED_INCLUDE_IN_FRAMEWORK_HEADER = YES;
				CLANG_WARN_RANGE_LOOP_ANALYSIS = YES;
				CLANG_WARN_STRICT_PROTOTYPES = YES;
				CLANG_WARN_SUSPICIOUS_MOVE = YES;
				CLANG_WARN_UNGUARDED_AVAILABILITY = YES_AGGRESSIVE;
				CLANG_WARN_UNREACHABLE_CODE = YES;
				CLANG_WARN__DUPLICATE_METHOD_MATCH = YES;
				COPY_PHASE_STRIP = NO;
				DEBUG_INFORMATION_FORMAT = "dwarf-with-dsym";
				ENABLE_NS_ASSERTIONS = NO;
				ENABLE_STRICT_OBJC_MSGSEND = YES;
				GCC_C_LANGUAGE_STANDARD = gnu11;
				GCC_NO_COMMON_BLOCKS = YES;
				GCC_WARN_64_TO_32_BIT_CONVERSION = YES;
				GCC_WARN_ABOUT_RETURN_TYPE = YES_ERROR;
				GCC_WARN_UNDECLARED_SELECTOR = YES;
				GCC_WARN_UNINITIALIZED_AUTOS = YES_AGGRESSIVE;
				GCC_WARN_UNUSED_FUNCTION = YES;
				GCC_WARN_UNUSED_VARIABLE = YES;
				MACOSX_DEPLOYMENT_TARGET = 11.4;
				MTL_ENABLE_DEBUG_INFO = NO;
				MTL_FAST_MATH = YES;
				SDKROOT = macosx;
			};
			name = Release;
		};
		845890B62831DD9F00D67EAF /* Debug */ = {
			isa = XCBuildConfiguration;
			buildSettings = {
				CODE_SIGN_STYLE = Automatic;
				PRODUCT_NAME = "$(TARGET_NAME)";
			};
			name = Debug;
		};
		845890B72831DD9F00D67EAF /* Release */ = {
			isa = XCBuildConfiguration;
			buildSettings = {
				CODE_SIGN_STYLE = Automatic;
				PRODUCT_NAME = "$(TARGET_NAME)";
			};
			name = Release;
		};
/* End XCBuildConfiguration section */

/* Begin XCConfigurationList section */
		845890A92831DD9F00D67EAF /* Build configuration list for PBXProject "leet-code-cplusplus" */ = {
			isa = XCConfigurationList;
			buildConfigurations = (
				845890B32831DD9F00D67EAF /* Debug */,
				845890B42831DD9F00D67EAF /* Release */,
			);
			defaultConfigurationIsVisible = 0;
			defaultConfigurationName = Release;
		};
		845890B52831DD9F00D67EAF /* Build configuration list for PBXNativeTarget "leet-code-cplusplus" */ = {
			isa = XCConfigurationList;
			buildConfigurations = (
				845890B62831DD9F00D67EAF /* Debug */,
				845890B72831DD9F00D67EAF /* Release */,
			);
			defaultConfigurationIsVisible = 0;
			defaultConfigurationName = Release;
		};
/* End XCConfigurationList section */
	};
	rootObject = 845890A62831DD9F00D67EAF /* Project object */;
}
