// !$*UTF8*$!
{
	archiveVersion = 1;
	classes = {
	};
	objectVersion = 55;
	objects = {

/* Begin PBXBuildFile section */
		840A87F4283C73B0003DFC4B /* no_2_add_two_numbers.cpp in Sources */ = {isa = PBXBuildFile; fileRef = 840A87F2283C73B0003DFC4B /* no_2_add_two_numbers.cpp */; };
		840A87F7283C7C30003DFC4B /* no_19_remove_nth_from_end.cpp in Sources */ = {isa = PBXBuildFile; fileRef = 840A87F5283C7C30003DFC4B /* no_19_remove_nth_from_end.cpp */; };
		840A87FA283C81E4003DFC4B /* generate_linked_list.cpp in Sources */ = {isa = PBXBuildFile; fileRef = 840A87F8283C81E4003DFC4B /* generate_linked_list.cpp */; };
		840A87FD283CB270003DFC4B /* no_21_merge_two_list.cpp in Sources */ = {isa = PBXBuildFile; fileRef = 840A87FB283CB270003DFC4B /* no_21_merge_two_list.cpp */; };
		840A8800283CBA13003DFC4B /* no_23_merge_k_lists.cpp in Sources */ = {isa = PBXBuildFile; fileRef = 840A87FE283CBA13003DFC4B /* no_23_merge_k_lists.cpp */; };
		840A8803283CC7B7003DFC4B /* no_24_swap_pairs.cpp in Sources */ = {isa = PBXBuildFile; fileRef = 840A8801283CC7B7003DFC4B /* no_24_swap_pairs.cpp */; };
		840A8806283CD1AD003DFC4B /* no_25_reverse_k_group.cpp in Sources */ = {isa = PBXBuildFile; fileRef = 840A8804283CD1AD003DFC4B /* no_25_reverse_k_group.cpp */; };
		840FDFEC283F5071000AD2F6 /* no_61_rotate_right.cpp in Sources */ = {isa = PBXBuildFile; fileRef = 840FDFEA283F5071000AD2F6 /* no_61_rotate_right.cpp */; };
		840FDFEF283F6468000AD2F6 /* no_82_delete_duplicates.cpp in Sources */ = {isa = PBXBuildFile; fileRef = 840FDFED283F6468000AD2F6 /* no_82_delete_duplicates.cpp */; };
		840FDFF22840A31B000AD2F6 /* no_147_insertion_sort_list.cpp in Sources */ = {isa = PBXBuildFile; fileRef = 840FDFF02840A31B000AD2F6 /* no_147_insertion_sort_list.cpp */; };
		845890B22831DD9F00D67EAF /* main.cpp in Sources */ = {isa = PBXBuildFile; fileRef = 845890B12831DD9F00D67EAF /* main.cpp */; };
		845890BB2831DE1300D67EAF /* tree_node.cpp in Sources */ = {isa = PBXBuildFile; fileRef = 845890B92831DE1300D67EAF /* tree_node.cpp */; };
		845890C12831DEFF00D67EAF /* no_94_inorder_traversal.cpp in Sources */ = {isa = PBXBuildFile; fileRef = 845890BF2831DEFF00D67EAF /* no_94_inorder_traversal.cpp */; };
		845890C42831E38E00D67EAF /* no_95_different_tree_2.cpp in Sources */ = {isa = PBXBuildFile; fileRef = 845890C22831E38E00D67EAF /* no_95_different_tree_2.cpp */; };
		845890C72831E93400D67EAF /* no_96_different_tree.cpp in Sources */ = {isa = PBXBuildFile; fileRef = 845890C52831E93400D67EAF /* no_96_different_tree.cpp */; };
		845890CA2831F23E00D67EAF /* no_98_valid_bts.cpp in Sources */ = {isa = PBXBuildFile; fileRef = 845890C82831F23D00D67EAF /* no_98_valid_bts.cpp */; };
		845890CD2831F3FA00D67EAF /* no_99_recover_tree.cpp in Sources */ = {isa = PBXBuildFile; fileRef = 845890CB2831F3FA00D67EAF /* no_99_recover_tree.cpp */; };
		845890D02831FB5E00D67EAF /* no_100_same_tree.cpp in Sources */ = {isa = PBXBuildFile; fileRef = 845890CE2831FB5E00D67EAF /* no_100_same_tree.cpp */; };
		845890D52831FCD900D67EAF /* no_101_symmetric.cpp in Sources */ = {isa = PBXBuildFile; fileRef = 845890D32831FCD900D67EAF /* no_101_symmetric.cpp */; };
		845890D82831FEE800D67EAF /* no_102_level_order.cpp in Sources */ = {isa = PBXBuildFile; fileRef = 845890D62831FEE800D67EAF /* no_102_level_order.cpp */; };
		845890DB28321B8200D67EAF /* no_103_zigzag_level_order.cpp in Sources */ = {isa = PBXBuildFile; fileRef = 845890D928321B8200D67EAF /* no_103_zigzag_level_order.cpp */; };
		845890DE2832211600D67EAF /* no_104_max_depth.cpp in Sources */ = {isa = PBXBuildFile; fileRef = 845890DC2832211600D67EAF /* no_104_max_depth.cpp */; };
		845890E1283223AF00D67EAF /* no_105_build_tree.cpp in Sources */ = {isa = PBXBuildFile; fileRef = 845890DF283223AF00D67EAF /* no_105_build_tree.cpp */; };
		845890E42832277100D67EAF /* no_106_build_tree.cpp in Sources */ = {isa = PBXBuildFile; fileRef = 845890E22832277100D67EAF /* no_106_build_tree.cpp */; };
		845890E728332E6500D67EAF /* no_107_level_order_bottom.cpp in Sources */ = {isa = PBXBuildFile; fileRef = 845890E528332E6500D67EAF /* no_107_level_order_bottom.cpp */; };
		845890EA2833309B00D67EAF /* no_108_sorted_arr_2_bst.cpp in Sources */ = {isa = PBXBuildFile; fileRef = 845890E82833309B00D67EAF /* no_108_sorted_arr_2_bst.cpp */; };
		845890ED283334E300D67EAF /* no_109_sorted_list_2_bst.cpp in Sources */ = {isa = PBXBuildFile; fileRef = 845890EB283334E300D67EAF /* no_109_sorted_list_2_bst.cpp */; };
		845890F02833354500D67EAF /* list_node.cpp in Sources */ = {isa = PBXBuildFile; fileRef = 845890EE2833354500D67EAF /* list_node.cpp */; };
		845890F328334E2000D67EAF /* no_124_max_path_sum.cpp in Sources */ = {isa = PBXBuildFile; fileRef = 845890F128334E2000D67EAF /* no_124_max_path_sum.cpp */; };
		845EA4BA2844663C006289A1 /* no_22_generate_parenthesis.cpp in Sources */ = {isa = PBXBuildFile; fileRef = 845EA4B82844663C006289A1 /* no_22_generate_parenthesis.cpp */; };
		845EA4BD28449526006289A1 /* no_10_is_match.cpp in Sources */ = {isa = PBXBuildFile; fileRef = 845EA4BB28449526006289A1 /* no_10_is_match.cpp */; };
		845EA4C02844C4AC006289A1 /* no_198_rob.cpp in Sources */ = {isa = PBXBuildFile; fileRef = 845EA4BE2844C4AC006289A1 /* no_198_rob.cpp */; };
		84BA96AB28348055002D9870 /* no_110_is_balanced.cpp in Sources */ = {isa = PBXBuildFile; fileRef = 84BA96A928348055002D9870 /* no_110_is_balanced.cpp */; };
		84BA96AE283484B4002D9870 /* no_111_min_depth.cpp in Sources */ = {isa = PBXBuildFile; fileRef = 84BA96AC283484B4002D9870 /* no_111_min_depth.cpp */; };
		84BA96B12835D1CC002D9870 /* no_112_has_path_sum.cpp in Sources */ = {isa = PBXBuildFile; fileRef = 84BA96AF2835D1CC002D9870 /* no_112_has_path_sum.cpp */; };
		84BA96B42835D655002D9870 /* no_113_path_sum.cpp in Sources */ = {isa = PBXBuildFile; fileRef = 84BA96B22835D655002D9870 /* no_113_path_sum.cpp */; };
		84BA96B72835E0E5002D9870 /* no_114_flatten.cpp in Sources */ = {isa = PBXBuildFile; fileRef = 84BA96B52835E0E5002D9870 /* no_114_flatten.cpp */; };
		84BA96BA2835F189002D9870 /* no_116_connect.cpp in Sources */ = {isa = PBXBuildFile; fileRef = 84BA96B82835F189002D9870 /* no_116_connect.cpp */; };
		84BA96BD2835F1D6002D9870 /* node.cpp in Sources */ = {isa = PBXBuildFile; fileRef = 84BA96BB2835F1D6002D9870 /* node.cpp */; };
		84FF073A284717260099E596 /* no_375_get_money_amount.cpp in Sources */ = {isa = PBXBuildFile; fileRef = 84FF0738284717260099E596 /* no_375_get_money_amount.cpp */; };
		84FF073D284856270099E596 /* no_44_is_match.cpp in Sources */ = {isa = PBXBuildFile; fileRef = 84FF073B284856270099E596 /* no_44_is_match.cpp */; };
		84FF074028489A720099E596 /* no_45_jump.cpp in Sources */ = {isa = PBXBuildFile; fileRef = 84FF073E28489A720099E596 /* no_45_jump.cpp */; };
		84FF0743284DD3FF0099E596 /* no_55_can_jump.cpp in Sources */ = {isa = PBXBuildFile; fileRef = 84FF0741284DD3FF0099E596 /* no_55_can_jump.cpp */; };
		84FF0761285036F40099E596 /* no_72_min_distance.cpp in Sources */ = {isa = PBXBuildFile; fileRef = 84FF075F285036F40099E596 /* no_72_min_distance.cpp */; };
		84FF0764285049460099E596 /* no_85_maximal_rectangle.cpp in Sources */ = {isa = PBXBuildFile; fileRef = 84FF0762285049460099E596 /* no_85_maximal_rectangle.cpp */; };
		AB0D55E528390BE500330BBB /* select_sort.cpp in Sources */ = {isa = PBXBuildFile; fileRef = AB0D55E328390BE500330BBB /* select_sort.cpp */; };
		AB0D55E928390E2200330BBB /* swap.cpp in Sources */ = {isa = PBXBuildFile; fileRef = AB0D55E728390E2200330BBB /* swap.cpp */; };
		AB0D55EC28390F3900330BBB /* bubble_sort.cpp in Sources */ = {isa = PBXBuildFile; fileRef = AB0D55EA28390F3900330BBB /* bubble_sort.cpp */; };
		AB0D55EF2839136B00330BBB /* insert_sort.cpp in Sources */ = {isa = PBXBuildFile; fileRef = AB0D55ED2839136B00330BBB /* insert_sort.cpp */; };
/* End PBXBuildFile section */

/* Begin PBXCopyFilesBuildPhase section */
		845890AC2831DD9F00D67EAF /* CopyFiles */ = {
			isa = PBXCopyFilesBuildPhase;
			buildActionMask = 2147483647;
			dstPath = /usr/share/man/man1/;
			dstSubfolderSpec = 0;
			files = (
			);
			runOnlyForDeploymentPostprocessing = 1;
		};
/* End PBXCopyFilesBuildPhase section */

/* Begin PBXFileReference section */
		840A87F2283C73B0003DFC4B /* no_2_add_two_numbers.cpp */ = {isa = PBXFileReference; lastKnownFileType = sourcecode.cpp.cpp; path = no_2_add_two_numbers.cpp; sourceTree = "<group>"; };
		840A87F3283C73B0003DFC4B /* no_2_add_two_numbers.hpp */ = {isa = PBXFileReference; lastKnownFileType = sourcecode.cpp.h; path = no_2_add_two_numbers.hpp; sourceTree = "<group>"; };
		840A87F5283C7C30003DFC4B /* no_19_remove_nth_from_end.cpp */ = {isa = PBXFileReference; lastKnownFileType = sourcecode.cpp.cpp; path = no_19_remove_nth_from_end.cpp; sourceTree = "<group>"; };
		840A87F6283C7C30003DFC4B /* no_19_remove_nth_from_end.hpp */ = {isa = PBXFileReference; lastKnownFileType = sourcecode.cpp.h; path = no_19_remove_nth_from_end.hpp; sourceTree = "<group>"; };
		840A87F8283C81E4003DFC4B /* generate_linked_list.cpp */ = {isa = PBXFileReference; lastKnownFileType = sourcecode.cpp.cpp; path = generate_linked_list.cpp; sourceTree = "<group>"; };
		840A87F9283C81E4003DFC4B /* generate_linked_list.hpp */ = {isa = PBXFileReference; lastKnownFileType = sourcecode.cpp.h; path = generate_linked_list.hpp; sourceTree = "<group>"; };
		840A87FB283CB270003DFC4B /* no_21_merge_two_list.cpp */ = {isa = PBXFileReference; lastKnownFileType = sourcecode.cpp.cpp; path = no_21_merge_two_list.cpp; sourceTree = "<group>"; };
		840A87FC283CB270003DFC4B /* no_21_merge_two_list.hpp */ = {isa = PBXFileReference; lastKnownFileType = sourcecode.cpp.h; path = no_21_merge_two_list.hpp; sourceTree = "<group>"; };
		840A87FE283CBA13003DFC4B /* no_23_merge_k_lists.cpp */ = {isa = PBXFileReference; lastKnownFileType = sourcecode.cpp.cpp; path = no_23_merge_k_lists.cpp; sourceTree = "<group>"; };
		840A87FF283CBA13003DFC4B /* no_23_merge_k_lists.hpp */ = {isa = PBXFileReference; lastKnownFileType = sourcecode.cpp.h; path = no_23_merge_k_lists.hpp; sourceTree = "<group>"; };
		840A8801283CC7B7003DFC4B /* no_24_swap_pairs.cpp */ = {isa = PBXFileReference; lastKnownFileType = sourcecode.cpp.cpp; path = no_24_swap_pairs.cpp; sourceTree = "<group>"; };
		840A8802283CC7B7003DFC4B /* no_24_swap_pairs.hpp */ = {isa = PBXFileReference; lastKnownFileType = sourcecode.cpp.h; path = no_24_swap_pairs.hpp; sourceTree = "<group>"; };
		840A8804283CD1AD003DFC4B /* no_25_reverse_k_group.cpp */ = {isa = PBXFileReference; lastKnownFileType = sourcecode.cpp.cpp; path = no_25_reverse_k_group.cpp; sourceTree = "<group>"; };
		840A8805283CD1AD003DFC4B /* no_25_reverse_k_group.hpp */ = {isa = PBXFileReference; lastKnownFileType = sourcecode.cpp.h; path = no_25_reverse_k_group.hpp; sourceTree = "<group>"; };
		840FDFEA283F5071000AD2F6 /* no_61_rotate_right.cpp */ = {isa = PBXFileReference; lastKnownFileType = sourcecode.cpp.cpp; path = no_61_rotate_right.cpp; sourceTree = "<group>"; };
		840FDFEB283F5071000AD2F6 /* no_61_rotate_right.hpp */ = {isa = PBXFileReference; lastKnownFileType = sourcecode.cpp.h; path = no_61_rotate_right.hpp; sourceTree = "<group>"; };
		840FDFED283F6468000AD2F6 /* no_82_delete_duplicates.cpp */ = {isa = PBXFileReference; lastKnownFileType = sourcecode.cpp.cpp; path = no_82_delete_duplicates.cpp; sourceTree = "<group>"; };
		840FDFEE283F6468000AD2F6 /* no_82_delete_duplicates.hpp */ = {isa = PBXFileReference; lastKnownFileType = sourcecode.cpp.h; path = no_82_delete_duplicates.hpp; sourceTree = "<group>"; };
		840FDFF02840A31B000AD2F6 /* no_147_insertion_sort_list.cpp */ = {isa = PBXFileReference; lastKnownFileType = sourcecode.cpp.cpp; path = no_147_insertion_sort_list.cpp; sourceTree = "<group>"; };
		840FDFF12840A31B000AD2F6 /* no_147_insertion_sort_list.hpp */ = {isa = PBXFileReference; lastKnownFileType = sourcecode.cpp.h; path = no_147_insertion_sort_list.hpp; sourceTree = "<group>"; };
		845890AE2831DD9F00D67EAF /* leet-code-cplusplus */ = {isa = PBXFileReference; explicitFileType = "compiled.mach-o.executable"; includeInIndex = 0; path = "leet-code-cplusplus"; sourceTree = BUILT_PRODUCTS_DIR; };
		845890B12831DD9F00D67EAF /* main.cpp */ = {isa = PBXFileReference; lastKnownFileType = sourcecode.cpp.cpp; path = main.cpp; sourceTree = "<group>"; };
		845890B92831DE1300D67EAF /* tree_node.cpp */ = {isa = PBXFileReference; lastKnownFileType = sourcecode.cpp.cpp; path = tree_node.cpp; sourceTree = "<group>"; };
		845890BA2831DE1300D67EAF /* tree_node.hpp */ = {isa = PBXFileReference; lastKnownFileType = sourcecode.cpp.h; path = tree_node.hpp; sourceTree = "<group>"; };
		845890BF2831DEFF00D67EAF /* no_94_inorder_traversal.cpp */ = {isa = PBXFileReference; lastKnownFileType = sourcecode.cpp.cpp; path = no_94_inorder_traversal.cpp; sourceTree = "<group>"; };
		845890C02831DEFF00D67EAF /* no_94_inorder_traversal.hpp */ = {isa = PBXFileReference; lastKnownFileType = sourcecode.cpp.h; path = no_94_inorder_traversal.hpp; sourceTree = "<group>"; };
		845890C22831E38E00D67EAF /* no_95_different_tree_2.cpp */ = {isa = PBXFileReference; lastKnownFileType = sourcecode.cpp.cpp; path = no_95_different_tree_2.cpp; sourceTree = "<group>"; };
		845890C32831E38E00D67EAF /* no_95_different_tree_2.hpp */ = {isa = PBXFileReference; lastKnownFileType = sourcecode.cpp.h; path = no_95_different_tree_2.hpp; sourceTree = "<group>"; };
		845890C52831E93400D67EAF /* no_96_different_tree.cpp */ = {isa = PBXFileReference; lastKnownFileType = sourcecode.cpp.cpp; path = no_96_different_tree.cpp; sourceTree = "<group>"; };
		845890C62831E93400D67EAF /* no_96_different_tree.hpp */ = {isa = PBXFileReference; lastKnownFileType = sourcecode.cpp.h; path = no_96_different_tree.hpp; sourceTree = "<group>"; };
		845890C82831F23D00D67EAF /* no_98_valid_bts.cpp */ = {isa = PBXFileReference; lastKnownFileType = sourcecode.cpp.cpp; path = no_98_valid_bts.cpp; sourceTree = "<group>"; };
		845890C92831F23E00D67EAF /* no_98_valid_bts.hpp */ = {isa = PBXFileReference; lastKnownFileType = sourcecode.cpp.h; path = no_98_valid_bts.hpp; sourceTree = "<group>"; };
		845890CB2831F3FA00D67EAF /* no_99_recover_tree.cpp */ = {isa = PBXFileReference; lastKnownFileType = sourcecode.cpp.cpp; path = no_99_recover_tree.cpp; sourceTree = "<group>"; };
		845890CC2831F3FA00D67EAF /* no_99_recover_tree.hpp */ = {isa = PBXFileReference; lastKnownFileType = sourcecode.cpp.h; path = no_99_recover_tree.hpp; sourceTree = "<group>"; };
		845890CE2831FB5E00D67EAF /* no_100_same_tree.cpp */ = {isa = PBXFileReference; lastKnownFileType = sourcecode.cpp.cpp; path = no_100_same_tree.cpp; sourceTree = "<group>"; };
		845890CF2831FB5E00D67EAF /* no_100_same_tree.hpp */ = {isa = PBXFileReference; lastKnownFileType = sourcecode.cpp.h; path = no_100_same_tree.hpp; sourceTree = "<group>"; };
		845890D32831FCD900D67EAF /* no_101_symmetric.cpp */ = {isa = PBXFileReference; lastKnownFileType = sourcecode.cpp.cpp; path = no_101_symmetric.cpp; sourceTree = "<group>"; };
		845890D42831FCD900D67EAF /* no_101_symmetric.hpp */ = {isa = PBXFileReference; lastKnownFileType = sourcecode.cpp.h; path = no_101_symmetric.hpp; sourceTree = "<group>"; };
		845890D62831FEE800D67EAF /* no_102_level_order.cpp */ = {isa = PBXFileReference; lastKnownFileType = sourcecode.cpp.cpp; path = no_102_level_order.cpp; sourceTree = "<group>"; };
		845890D72831FEE800D67EAF /* no_102_level_order.hpp */ = {isa = PBXFileReference; lastKnownFileType = sourcecode.cpp.h; path = no_102_level_order.hpp; sourceTree = "<group>"; };
		845890D928321B8200D67EAF /* no_103_zigzag_level_order.cpp */ = {isa = PBXFileReference; lastKnownFileType = sourcecode.cpp.cpp; path = no_103_zigzag_level_order.cpp; sourceTree = "<group>"; };
		845890DA28321B8200D67EAF /* no_103_zigzag_level_order.hpp */ = {isa = PBXFileReference; lastKnownFileType = sourcecode.cpp.h; path = no_103_zigzag_level_order.hpp; sourceTree = "<group>"; };
		845890DC2832211600D67EAF /* no_104_max_depth.cpp */ = {isa = PBXFileReference; lastKnownFileType = sourcecode.cpp.cpp; path = no_104_max_depth.cpp; sourceTree = "<group>"; };
		845890DD2832211600D67EAF /* no_104_max_depth.hpp */ = {isa = PBXFileReference; lastKnownFileType = sourcecode.cpp.h; path = no_104_max_depth.hpp; sourceTree = "<group>"; };
		845890DF283223AF00D67EAF /* no_105_build_tree.cpp */ = {isa = PBXFileReference; lastKnownFileType = sourcecode.cpp.cpp; path = no_105_build_tree.cpp; sourceTree = "<group>"; };
		845890E0283223AF00D67EAF /* no_105_build_tree.hpp */ = {isa = PBXFileReference; lastKnownFileType = sourcecode.cpp.h; path = no_105_build_tree.hpp; sourceTree = "<group>"; };
		845890E22832277100D67EAF /* no_106_build_tree.cpp */ = {isa = PBXFileReference; lastKnownFileType = sourcecode.cpp.cpp; path = no_106_build_tree.cpp; sourceTree = "<group>"; };
		845890E32832277100D67EAF /* no_106_build_tree.hpp */ = {isa = PBXFileReference; lastKnownFileType = sourcecode.cpp.h; path = no_106_build_tree.hpp; sourceTree = "<group>"; };
		845890E528332E6500D67EAF /* no_107_level_order_bottom.cpp */ = {isa = PBXFileReference; lastKnownFileType = sourcecode.cpp.cpp; path = no_107_level_order_bottom.cpp; sourceTree = "<group>"; };
		845890E628332E6500D67EAF /* no_107_level_order_bottom.hpp */ = {isa = PBXFileReference; lastKnownFileType = sourcecode.cpp.h; path = no_107_level_order_bottom.hpp; sourceTree = "<group>"; };
		845890E82833309B00D67EAF /* no_108_sorted_arr_2_bst.cpp */ = {isa = PBXFileReference; lastKnownFileType = sourcecode.cpp.cpp; path = no_108_sorted_arr_2_bst.cpp; sourceTree = "<group>"; };
		845890E92833309B00D67EAF /* no_108_sorted_arr_2_bst.hpp */ = {isa = PBXFileReference; lastKnownFileType = sourcecode.cpp.h; path = no_108_sorted_arr_2_bst.hpp; sourceTree = "<group>"; };
		845890EB283334E300D67EAF /* no_109_sorted_list_2_bst.cpp */ = {isa = PBXFileReference; lastKnownFileType = sourcecode.cpp.cpp; path = no_109_sorted_list_2_bst.cpp; sourceTree = "<group>"; };
		845890EC283334E300D67EAF /* no_109_sorted_list_2_bst.hpp */ = {isa = PBXFileReference; lastKnownFileType = sourcecode.cpp.h; path = no_109_sorted_list_2_bst.hpp; sourceTree = "<group>"; };
		845890EE2833354500D67EAF /* list_node.cpp */ = {isa = PBXFileReference; lastKnownFileType = sourcecode.cpp.cpp; path = list_node.cpp; sourceTree = "<group>"; };
		845890EF2833354500D67EAF /* list_node.hpp */ = {isa = PBXFileReference; lastKnownFileType = sourcecode.cpp.h; path = list_node.hpp; sourceTree = "<group>"; };
		845890F128334E2000D67EAF /* no_124_max_path_sum.cpp */ = {isa = PBXFileReference; lastKnownFileType = sourcecode.cpp.cpp; path = no_124_max_path_sum.cpp; sourceTree = "<group>"; };
		845890F228334E2000D67EAF /* no_124_max_path_sum.hpp */ = {isa = PBXFileReference; lastKnownFileType = sourcecode.cpp.h; path = no_124_max_path_sum.hpp; sourceTree = "<group>"; };
		845EA4B82844663C006289A1 /* no_22_generate_parenthesis.cpp */ = {isa = PBXFileReference; lastKnownFileType = sourcecode.cpp.cpp; path = no_22_generate_parenthesis.cpp; sourceTree = "<group>"; };
		845EA4B92844663C006289A1 /* no_22_generate_parenthesis.hpp */ = {isa = PBXFileReference; lastKnownFileType = sourcecode.cpp.h; path = no_22_generate_parenthesis.hpp; sourceTree = "<group>"; };
		845EA4BB28449526006289A1 /* no_10_is_match.cpp */ = {isa = PBXFileReference; lastKnownFileType = sourcecode.cpp.cpp; path = no_10_is_match.cpp; sourceTree = "<group>"; };
		845EA4BC28449526006289A1 /* no_10_is_match.hpp */ = {isa = PBXFileReference; lastKnownFileType = sourcecode.cpp.h; path = no_10_is_match.hpp; sourceTree = "<group>"; };
		845EA4BE2844C4AC006289A1 /* no_198_rob.cpp */ = {isa = PBXFileReference; lastKnownFileType = sourcecode.cpp.cpp; path = no_198_rob.cpp; sourceTree = "<group>"; };
		845EA4BF2844C4AC006289A1 /* no_198_rob.hpp */ = {isa = PBXFileReference; lastKnownFileType = sourcecode.cpp.h; path = no_198_rob.hpp; sourceTree = "<group>"; };
		84BA96A928348055002D9870 /* no_110_is_balanced.cpp */ = {isa = PBXFileReference; lastKnownFileType = sourcecode.cpp.cpp; path = no_110_is_balanced.cpp; sourceTree = "<group>"; };
		84BA96AA28348055002D9870 /* no_110_is_balanced.hpp */ = {isa = PBXFileReference; lastKnownFileType = sourcecode.cpp.h; path = no_110_is_balanced.hpp; sourceTree = "<group>"; };
		84BA96AC283484B4002D9870 /* no_111_min_depth.cpp */ = {isa = PBXFileReference; lastKnownFileType = sourcecode.cpp.cpp; path = no_111_min_depth.cpp; sourceTree = "<group>"; };
		84BA96AD283484B4002D9870 /* no_111_min_depth.hpp */ = {isa = PBXFileReference; lastKnownFileType = sourcecode.cpp.h; path = no_111_min_depth.hpp; sourceTree = "<group>"; };
		84BA96AF2835D1CC002D9870 /* no_112_has_path_sum.cpp */ = {isa = PBXFileReference; lastKnownFileType = sourcecode.cpp.cpp; path = no_112_has_path_sum.cpp; sourceTree = "<group>"; };
		84BA96B02835D1CC002D9870 /* no_112_has_path_sum.hpp */ = {isa = PBXFileReference; lastKnownFileType = sourcecode.cpp.h; path = no_112_has_path_sum.hpp; sourceTree = "<group>"; };
		84BA96B22835D655002D9870 /* no_113_path_sum.cpp */ = {isa = PBXFileReference; lastKnownFileType = sourcecode.cpp.cpp; path = no_113_path_sum.cpp; sourceTree = "<group>"; };
		84BA96B32835D655002D9870 /* no_113_path_sum.hpp */ = {isa = PBXFileReference; lastKnownFileType = sourcecode.cpp.h; path = no_113_path_sum.hpp; sourceTree = "<group>"; };
		84BA96B52835E0E5002D9870 /* no_114_flatten.cpp */ = {isa = PBXFileReference; lastKnownFileType = sourcecode.cpp.cpp; path = no_114_flatten.cpp; sourceTree = "<group>"; };
		84BA96B62835E0E5002D9870 /* no_114_flatten.hpp */ = {isa = PBXFileReference; lastKnownFileType = sourcecode.cpp.h; path = no_114_flatten.hpp; sourceTree = "<group>"; };
		84BA96B82835F189002D9870 /* no_116_connect.cpp */ = {isa = PBXFileReference; lastKnownFileType = sourcecode.cpp.cpp; path = no_116_connect.cpp; sourceTree = "<group>"; };
		84BA96B92835F189002D9870 /* no_116_connect.hpp */ = {isa = PBXFileReference; lastKnownFileType = sourcecode.cpp.h; path = no_116_connect.hpp; sourceTree = "<group>"; };
		84BA96BB2835F1D6002D9870 /* node.cpp */ = {isa = PBXFileReference; lastKnownFileType = sourcecode.cpp.cpp; path = node.cpp; sourceTree = "<group>"; };
		84BA96BC2835F1D6002D9870 /* node.hpp */ = {isa = PBXFileReference; lastKnownFileType = sourcecode.cpp.h; path = node.hpp; sourceTree = "<group>"; };
		84FF0738284717260099E596 /* no_375_get_money_amount.cpp */ = {isa = PBXFileReference; lastKnownFileType = sourcecode.cpp.cpp; path = no_375_get_money_amount.cpp; sourceTree = "<group>"; };
		84FF0739284717260099E596 /* no_375_get_money_amount.hpp */ = {isa = PBXFileReference; lastKnownFileType = sourcecode.cpp.h; path = no_375_get_money_amount.hpp; sourceTree = "<group>"; };
		84FF073B284856270099E596 /* no_44_is_match.cpp */ = {isa = PBXFileReference; lastKnownFileType = sourcecode.cpp.cpp; path = no_44_is_match.cpp; sourceTree = "<group>"; };
		84FF073C284856270099E596 /* no_44_is_match.hpp */ = {isa = PBXFileReference; lastKnownFileType = sourcecode.cpp.h; path = no_44_is_match.hpp; sourceTree = "<group>"; };
		84FF073E28489A720099E596 /* no_45_jump.cpp */ = {isa = PBXFileReference; lastKnownFileType = sourcecode.cpp.cpp; path = no_45_jump.cpp; sourceTree = "<group>"; };
		84FF073F28489A720099E596 /* no_45_jump.hpp */ = {isa = PBXFileReference; lastKnownFileType = sourcecode.cpp.h; path = no_45_jump.hpp; sourceTree = "<group>"; };
		84FF0741284DD3FF0099E596 /* no_55_can_jump.cpp */ = {isa = PBXFileReference; lastKnownFileType = sourcecode.cpp.cpp; path = no_55_can_jump.cpp; sourceTree = "<group>"; };
		84FF0742284DD3FF0099E596 /* no_55_can_jump.hpp */ = {isa = PBXFileReference; lastKnownFileType = sourcecode.cpp.h; path = no_55_can_jump.hpp; sourceTree = "<group>"; };
		84FF075F285036F40099E596 /* no_72_min_distance.cpp */ = {isa = PBXFileReference; lastKnownFileType = sourcecode.cpp.cpp; path = no_72_min_distance.cpp; sourceTree = "<group>"; };
		84FF0760285036F40099E596 /* no_72_min_distance.hpp */ = {isa = PBXFileReference; lastKnownFileType = sourcecode.cpp.h; path = no_72_min_distance.hpp; sourceTree = "<group>"; };
		84FF0762285049460099E596 /* no_85_maximal_rectangle.cpp */ = {isa = PBXFileReference; lastKnownFileType = sourcecode.cpp.cpp; path = no_85_maximal_rectangle.cpp; sourceTree = "<group>"; };
		84FF0763285049460099E596 /* no_85_maximal_rectangle.hpp */ = {isa = PBXFileReference; lastKnownFileType = sourcecode.cpp.h; path = no_85_maximal_rectangle.hpp; sourceTree = "<group>"; };
		AB0D55E328390BE500330BBB /* select_sort.cpp */ = {isa = PBXFileReference; lastKnownFileType = sourcecode.cpp.cpp; path = select_sort.cpp; sourceTree = "<group>"; };
		AB0D55E428390BE500330BBB /* select_sort.hpp */ = {isa = PBXFileReference; lastKnownFileType = sourcecode.cpp.h; path = select_sort.hpp; sourceTree = "<group>"; };
		AB0D55E728390E2200330BBB /* swap.cpp */ = {isa = PBXFileReference; lastKnownFileType = sourcecode.cpp.cpp; path = swap.cpp; sourceTree = "<group>"; };
		AB0D55E828390E2200330BBB /* swap.hpp */ = {isa = PBXFileReference; lastKnownFileType = sourcecode.cpp.h; path = swap.hpp; sourceTree = "<group>"; };
		AB0D55EA28390F3900330BBB /* bubble_sort.cpp */ = {isa = PBXFileReference; lastKnownFileType = sourcecode.cpp.cpp; path = bubble_sort.cpp; sourceTree = "<group>"; };
		AB0D55EB28390F3900330BBB /* bubble_sort.hpp */ = {isa = PBXFileReference; lastKnownFileType = sourcecode.cpp.h; path = bubble_sort.hpp; sourceTree = "<group>"; };
		AB0D55ED2839136B00330BBB /* insert_sort.cpp */ = {isa = PBXFileReference; lastKnownFileType = sourcecode.cpp.cpp; path = insert_sort.cpp; sourceTree = "<group>"; };
		AB0D55EE2839136B00330BBB /* insert_sort.hpp */ = {isa = PBXFileReference; lastKnownFileType = sourcecode.cpp.h; path = insert_sort.hpp; sourceTree = "<group>"; };
/* End PBXFileReference section */

/* Begin PBXFrameworksBuildPhase section */
		845890AB2831DD9F00D67EAF /* Frameworks */ = {
			isa = PBXFrameworksBuildPhase;
			buildActionMask = 2147483647;
			files = (
			);
			runOnlyForDeploymentPostprocessing = 0;
		};
/* End PBXFrameworksBuildPhase section */

/* Begin PBXGroup section */
		840A87F1283C736A003DFC4B /* linked_list */ = {
			isa = PBXGroup;
			children = (
				840A87F2283C73B0003DFC4B /* no_2_add_two_numbers.cpp */,
				840A87F3283C73B0003DFC4B /* no_2_add_two_numbers.hpp */,
				840A87F5283C7C30003DFC4B /* no_19_remove_nth_from_end.cpp */,
				840A87F6283C7C30003DFC4B /* no_19_remove_nth_from_end.hpp */,
				840A87FB283CB270003DFC4B /* no_21_merge_two_list.cpp */,
				840A87FC283CB270003DFC4B /* no_21_merge_two_list.hpp */,
				840A87FE283CBA13003DFC4B /* no_23_merge_k_lists.cpp */,
				840A87FF283CBA13003DFC4B /* no_23_merge_k_lists.hpp */,
				840A8801283CC7B7003DFC4B /* no_24_swap_pairs.cpp */,
				840A8802283CC7B7003DFC4B /* no_24_swap_pairs.hpp */,
				840A8804283CD1AD003DFC4B /* no_25_reverse_k_group.cpp */,
				840A8805283CD1AD003DFC4B /* no_25_reverse_k_group.hpp */,
				840FDFEA283F5071000AD2F6 /* no_61_rotate_right.cpp */,
				840FDFEB283F5071000AD2F6 /* no_61_rotate_right.hpp */,
				840FDFED283F6468000AD2F6 /* no_82_delete_duplicates.cpp */,
				840FDFEE283F6468000AD2F6 /* no_82_delete_duplicates.hpp */,
				840FDFF02840A31B000AD2F6 /* no_147_insertion_sort_list.cpp */,
				840FDFF12840A31B000AD2F6 /* no_147_insertion_sort_list.hpp */,
			);
			path = linked_list;
			sourceTree = "<group>";
		};
		845890A52831DD9F00D67EAF = {
			isa = PBXGroup;
			children = (
				845890B02831DD9F00D67EAF /* leet-code-cplusplus */,
				845890AF2831DD9F00D67EAF /* Products */,
			);
			sourceTree = "<group>";
		};
		845890AF2831DD9F00D67EAF /* Products */ = {
			isa = PBXGroup;
			children = (
				845890AE2831DD9F00D67EAF /* leet-code-cplusplus */,
			);
			name = Products;
			sourceTree = "<group>";
		};
		845890B02831DD9F00D67EAF /* leet-code-cplusplus */ = {
			isa = PBXGroup;
			children = (
				845890BC2831DE8F00D67EAF /* letsgo */,
				845890B82831DDD000D67EAF /* structures */,
				845890B12831DD9F00D67EAF /* main.cpp */,
			);
			path = "leet-code-cplusplus";
			sourceTree = "<group>";
		};
		845890B82831DDD000D67EAF /* structures */ = {
			isa = PBXGroup;
			children = (
				845890B92831DE1300D67EAF /* tree_node.cpp */,
				845890BA2831DE1300D67EAF /* tree_node.hpp */,
				845890EE2833354500D67EAF /* list_node.cpp */,
				845890EF2833354500D67EAF /* list_node.hpp */,
				84BA96BB2835F1D6002D9870 /* node.cpp */,
				84BA96BC2835F1D6002D9870 /* node.hpp */,
			);
			path = structures;
			sourceTree = "<group>";
		};
		845890BC2831DE8F00D67EAF /* letsgo */ = {
			isa = PBXGroup;
			children = (
				845EA4B728446620006289A1 /* dp */,
				840A87F1283C736A003DFC4B /* linked_list */,
				AB0D55E628390E1200330BBB /* helper */,
				AB0D55E228390BBB00330BBB /* sorts */,
				845890BD2831DEB300D67EAF /* tree */,
			);
			path = letsgo;
			sourceTree = "<group>";
		};
		845890BD2831DEB300D67EAF /* tree */ = {
			isa = PBXGroup;
			children = (
				845890BE2831DEBE00D67EAF /* binary_tree */,
			);
			path = tree;
			sourceTree = "<group>";
		};
		845890BE2831DEBE00D67EAF /* binary_tree */ = {
			isa = PBXGroup;
			children = (
				845890BF2831DEFF00D67EAF /* no_94_inorder_traversal.cpp */,
				845890C02831DEFF00D67EAF /* no_94_inorder_traversal.hpp */,
				845890C22831E38E00D67EAF /* no_95_different_tree_2.cpp */,
				845890C32831E38E00D67EAF /* no_95_different_tree_2.hpp */,
				845890C52831E93400D67EAF /* no_96_different_tree.cpp */,
				845890C62831E93400D67EAF /* no_96_different_tree.hpp */,
				845890C82831F23D00D67EAF /* no_98_valid_bts.cpp */,
				845890C92831F23E00D67EAF /* no_98_valid_bts.hpp */,
				845890CB2831F3FA00D67EAF /* no_99_recover_tree.cpp */,
				845890CC2831F3FA00D67EAF /* no_99_recover_tree.hpp */,
				845890CE2831FB5E00D67EAF /* no_100_same_tree.cpp */,
				845890CF2831FB5E00D67EAF /* no_100_same_tree.hpp */,
				845890D32831FCD900D67EAF /* no_101_symmetric.cpp */,
				845890D42831FCD900D67EAF /* no_101_symmetric.hpp */,
				845890D62831FEE800D67EAF /* no_102_level_order.cpp */,
				845890D72831FEE800D67EAF /* no_102_level_order.hpp */,
				845890D928321B8200D67EAF /* no_103_zigzag_level_order.cpp */,
				845890DA28321B8200D67EAF /* no_103_zigzag_level_order.hpp */,
				845890DC2832211600D67EAF /* no_104_max_depth.cpp */,
				845890DD2832211600D67EAF /* no_104_max_depth.hpp */,
				845890DF283223AF00D67EAF /* no_105_build_tree.cpp */,
				845890E0283223AF00D67EAF /* no_105_build_tree.hpp */,
				845890E22832277100D67EAF /* no_106_build_tree.cpp */,
				845890E32832277100D67EAF /* no_106_build_tree.hpp */,
				845890E528332E6500D67EAF /* no_107_level_order_bottom.cpp */,
				845890E628332E6500D67EAF /* no_107_level_order_bottom.hpp */,
				845890E82833309B00D67EAF /* no_108_sorted_arr_2_bst.cpp */,
				845890E92833309B00D67EAF /* no_108_sorted_arr_2_bst.hpp */,
				845890EB283334E300D67EAF /* no_109_sorted_list_2_bst.cpp */,
				845890EC283334E300D67EAF /* no_109_sorted_list_2_bst.hpp */,
				845890F128334E2000D67EAF /* no_124_max_path_sum.cpp */,
				845890F228334E2000D67EAF /* no_124_max_path_sum.hpp */,
				84BA96A928348055002D9870 /* no_110_is_balanced.cpp */,
				84BA96AA28348055002D9870 /* no_110_is_balanced.hpp */,
				84BA96AC283484B4002D9870 /* no_111_min_depth.cpp */,
				84BA96AD283484B4002D9870 /* no_111_min_depth.hpp */,
				84BA96AF2835D1CC002D9870 /* no_112_has_path_sum.cpp */,
				84BA96B02835D1CC002D9870 /* no_112_has_path_sum.hpp */,
				84BA96B22835D655002D9870 /* no_113_path_sum.cpp */,
				84BA96B32835D655002D9870 /* no_113_path_sum.hpp */,
				84BA96B52835E0E5002D9870 /* no_114_flatten.cpp */,
				84BA96B62835E0E5002D9870 /* no_114_flatten.hpp */,
				84BA96B82835F189002D9870 /* no_116_connect.cpp */,
				84BA96B92835F189002D9870 /* no_116_connect.hpp */,
			);
			path = binary_tree;
			sourceTree = "<group>";
		};
		845EA4B728446620006289A1 /* dp */ = {
			isa = PBXGroup;
			children = (
				845EA4B82844663C006289A1 /* no_22_generate_parenthesis.cpp */,
				845EA4B92844663C006289A1 /* no_22_generate_parenthesis.hpp */,
				845EA4BB28449526006289A1 /* no_10_is_match.cpp */,
				845EA4BC28449526006289A1 /* no_10_is_match.hpp */,
				845EA4BE2844C4AC006289A1 /* no_198_rob.cpp */,
				845EA4BF2844C4AC006289A1 /* no_198_rob.hpp */,
				84FF0738284717260099E596 /* no_375_get_money_amount.cpp */,
				84FF0739284717260099E596 /* no_375_get_money_amount.hpp */,
				84FF073B284856270099E596 /* no_44_is_match.cpp */,
				84FF073C284856270099E596 /* no_44_is_match.hpp */,
				84FF073E28489A720099E596 /* no_45_jump.cpp */,
				84FF073F28489A720099E596 /* no_45_jump.hpp */,
				84FF0741284DD3FF0099E596 /* no_55_can_jump.cpp */,
				84FF0742284DD3FF0099E596 /* no_55_can_jump.hpp */,
				84FF075F285036F40099E596 /* no_72_min_distance.cpp */,
				84FF0760285036F40099E596 /* no_72_min_distance.hpp */,
				84FF0762285049460099E596 /* no_85_maximal_rectangle.cpp */,
				84FF0763285049460099E596 /* no_85_maximal_rectangle.hpp */,
			);
			path = dp;
			sourceTree = "<group>";
		};
		AB0D55E228390BBB00330BBB /* sorts */ = {
			isa = PBXGroup;
			children = (
				AB0D55E328390BE500330BBB /* select_sort.cpp */,
				AB0D55E428390BE500330BBB /* select_sort.hpp */,
				AB0D55EA28390F3900330BBB /* bubble_sort.cpp */,
				AB0D55EB28390F3900330BBB /* bubble_sort.hpp */,
				AB0D55ED2839136B00330BBB /* insert_sort.cpp */,
				AB0D55EE2839136B00330BBB /* insert_sort.hpp */,
			);
			path = sorts;
			sourceTree = "<group>";
		};
		AB0D55E628390E1200330BBB /* helper */ = {
			isa = PBXGroup;
			children = (
				AB0D55E728390E2200330BBB /* swap.cpp */,
				AB0D55E828390E2200330BBB /* swap.hpp */,
				840A87F8283C81E4003DFC4B /* generate_linked_list.cpp */,
				840A87F9283C81E4003DFC4B /* generate_linked_list.hpp */,
			);
			path = helper;
			sourceTree = "<group>";
		};
/* End PBXGroup section */

/* Begin PBXNativeTarget section */
		845890AD2831DD9F00D67EAF /* leet-code-cplusplus */ = {
			isa = PBXNativeTarget;
			buildConfigurationList = 845890B52831DD9F00D67EAF /* Build configuration list for PBXNativeTarget "leet-code-cplusplus" */;
			buildPhases = (
				845890AA2831DD9F00D67EAF /* Sources */,
				845890AB2831DD9F00D67EAF /* Frameworks */,
				845890AC2831DD9F00D67EAF /* CopyFiles */,
			);
			buildRules = (
			);
			dependencies = (
			);
			name = "leet-code-cplusplus";
			productName = "leet-code-cplusplus";
			productReference = 845890AE2831DD9F00D67EAF /* leet-code-cplusplus */;
			productType = "com.apple.product-type.tool";
		};
/* End PBXNativeTarget section */

/* Begin PBXProject section */
		845890A62831DD9F00D67EAF /* Project object */ = {
			isa = PBXProject;
			attributes = {
				BuildIndependentTargetsInParallel = 1;
				LastUpgradeCheck = 1320;
				TargetAttributes = {
					845890AD2831DD9F00D67EAF = {
						CreatedOnToolsVersion = 13.2.1;
					};
				};
			};
			buildConfigurationList = 845890A92831DD9F00D67EAF /* Build configuration list for PBXProject "leet-code-cplusplus" */;
			compatibilityVersion = "Xcode 13.0";
			developmentRegion = en;
			hasScannedForEncodings = 0;
			knownRegions = (
				en,
				Base,
			);
			mainGroup = 845890A52831DD9F00D67EAF;
			productRefGroup = 845890AF2831DD9F00D67EAF /* Products */;
			projectDirPath = "";
			projectRoot = "";
			targets = (
				845890AD2831DD9F00D67EAF /* leet-code-cplusplus */,
			);
		};
/* End PBXProject section */

/* Begin PBXSourcesBuildPhase section */
		845890AA2831DD9F00D67EAF /* Sources */ = {
			isa = PBXSourcesBuildPhase;
			buildActionMask = 2147483647;
			files = (
				840A87FA283C81E4003DFC4B /* generate_linked_list.cpp in Sources */,
				845890CD2831F3FA00D67EAF /* no_99_recover_tree.cpp in Sources */,
				845890CA2831F23E00D67EAF /* no_98_valid_bts.cpp in Sources */,
				840A8803283CC7B7003DFC4B /* no_24_swap_pairs.cpp in Sources */,
				84FF073D284856270099E596 /* no_44_is_match.cpp in Sources */,
				845EA4BA2844663C006289A1 /* no_22_generate_parenthesis.cpp in Sources */,
				840A87FD283CB270003DFC4B /* no_21_merge_two_list.cpp in Sources */,
				840A87F4283C73B0003DFC4B /* no_2_add_two_numbers.cpp in Sources */,
				84BA96B72835E0E5002D9870 /* no_114_flatten.cpp in Sources */,
				84FF073A284717260099E596 /* no_375_get_money_amount.cpp in Sources */,
				845890C12831DEFF00D67EAF /* no_94_inorder_traversal.cpp in Sources */,
				84FF0764285049460099E596 /* no_85_maximal_rectangle.cpp in Sources */,
				84BA96B12835D1CC002D9870 /* no_112_has_path_sum.cpp in Sources */,
				84BA96AE283484B4002D9870 /* no_111_min_depth.cpp in Sources */,
				840A8800283CBA13003DFC4B /* no_23_merge_k_lists.cpp in Sources */,
				845890ED283334E300D67EAF /* no_109_sorted_list_2_bst.cpp in Sources */,
				845890E728332E6500D67EAF /* no_107_level_order_bottom.cpp in Sources */,
				845890B22831DD9F00D67EAF /* main.cpp in Sources */,
				AB0D55EC28390F3900330BBB /* bubble_sort.cpp in Sources */,
				845890BB2831DE1300D67EAF /* tree_node.cpp in Sources */,
				845EA4C02844C4AC006289A1 /* no_198_rob.cpp in Sources */,
				845890E1283223AF00D67EAF /* no_105_build_tree.cpp in Sources */,
				845890C72831E93400D67EAF /* no_96_different_tree.cpp in Sources */,
				AB0D55E928390E2200330BBB /* swap.cpp in Sources */,
				840FDFF22840A31B000AD2F6 /* no_147_insertion_sort_list.cpp in Sources */,
				AB0D55E528390BE500330BBB /* select_sort.cpp in Sources */,
				84FF0761285036F40099E596 /* no_72_min_distance.cpp in Sources */,
				845890D02831FB5E00D67EAF /* no_100_same_tree.cpp in Sources */,
				84BA96BA2835F189002D9870 /* no_116_connect.cpp in Sources */,
				845890D52831FCD900D67EAF /* no_101_symmetric.cpp in Sources */,
				840A87F7283C7C30003DFC4B /* no_19_remove_nth_from_end.cpp in Sources */,
				84BA96BD2835F1D6002D9870 /* node.cpp in Sources */,
				845890D82831FEE800D67EAF /* no_102_level_order.cpp in Sources */,
				845890C42831E38E00D67EAF /* no_95_different_tree_2.cpp in Sources */,
				84FF0743284DD3FF0099E596 /* no_55_can_jump.cpp in Sources */,
				840FDFEC283F5071000AD2F6 /* no_61_rotate_right.cpp in Sources */,
				84BA96AB28348055002D9870 /* no_110_is_balanced.cpp in Sources */,
				845890E42832277100D67EAF /* no_106_build_tree.cpp in Sources */,
				845890DB28321B8200D67EAF /* no_103_zigzag_level_order.cpp in Sources */,
				840A8806283CD1AD003DFC4B /* no_25_reverse_k_group.cpp in Sources */,
				84FF074028489A720099E596 /* no_45_jump.cpp in Sources */,
				840FDFEF283F6468000AD2F6 /* no_82_delete_duplicates.cpp in Sources */,
				845EA4BD28449526006289A1 /* no_10_is_match.cpp in Sources */,
				845890EA2833309B00D67EAF /* no_108_sorted_arr_2_bst.cpp in Sources */,
				845890DE2832211600D67EAF /* no_104_max_depth.cpp in Sources */,
				845890F02833354500D67EAF /* list_node.cpp in Sources */,
				84BA96B42835D655002D9870 /* no_113_path_sum.cpp in Sources */,
				AB0D55EF2839136B00330BBB /* insert_sort.cpp in Sources */,
				845890F328334E2000D67EAF /* no_124_max_path_sum.cpp in Sources */,
			);
			runOnlyForDeploymentPostprocessing = 0;
		};
/* End PBXSourcesBuildPhase section */

/* Begin XCBuildConfiguration section */
		845890B32831DD9F00D67EAF /* Debug */ = {
			isa = XCBuildConfiguration;
			buildSettings = {
				ALWAYS_SEARCH_USER_PATHS = NO;
				CLANG_ANALYZER_NONNULL = YES;
				CLANG_ANALYZER_NUMBER_OBJECT_CONVERSION = YES_AGGRESSIVE;
				CLANG_CXX_LANGUAGE_STANDARD = "gnu++17";
				CLANG_CXX_LIBRARY = "libc++";
				CLANG_ENABLE_MODULES = YES;
				CLANG_ENABLE_OBJC_ARC = YES;
				CLANG_ENABLE_OBJC_WEAK = YES;
				CLANG_WARN_BLOCK_CAPTURE_AUTORELEASING = YES;
				CLANG_WARN_BOOL_CONVERSION = YES;
				CLANG_WARN_COMMA = YES;
				CLANG_WARN_CONSTANT_CONVERSION = YES;
				CLANG_WARN_DEPRECATED_OBJC_IMPLEMENTATIONS = YES;
				CLANG_WARN_DIRECT_OBJC_ISA_USAGE = YES_ERROR;
				CLANG_WARN_DOCUMENTATION_COMMENTS = YES;
				CLANG_WARN_EMPTY_BODY = YES;
				CLANG_WARN_ENUM_CONVERSION = YES;
				CLANG_WARN_INFINITE_RECURSION = YES;
				CLANG_WARN_INT_CONVERSION = YES;
				CLANG_WARN_NON_LITERAL_NULL_CONVERSION = YES;
				CLANG_WARN_OBJC_IMPLICIT_RETAIN_SELF = YES;
				CLANG_WARN_OBJC_LITERAL_CONVERSION = YES;
				CLANG_WARN_OBJC_ROOT_CLASS = YES_ERROR;
				CLANG_WARN_QUOTED_INCLUDE_IN_FRAMEWORK_HEADER = YES;
				CLANG_WARN_RANGE_LOOP_ANALYSIS = YES;
				CLANG_WARN_STRICT_PROTOTYPES = YES;
				CLANG_WARN_SUSPICIOUS_MOVE = YES;
				CLANG_WARN_UNGUARDED_AVAILABILITY = YES_AGGRESSIVE;
				CLANG_WARN_UNREACHABLE_CODE = YES;
				CLANG_WARN__DUPLICATE_METHOD_MATCH = YES;
				COPY_PHASE_STRIP = NO;
				DEBUG_INFORMATION_FORMAT = dwarf;
				ENABLE_STRICT_OBJC_MSGSEND = YES;
				ENABLE_TESTABILITY = YES;
				GCC_C_LANGUAGE_STANDARD = gnu11;
				GCC_DYNAMIC_NO_PIC = NO;
				GCC_NO_COMMON_BLOCKS = YES;
				GCC_OPTIMIZATION_LEVEL = 0;
				GCC_PREPROCESSOR_DEFINITIONS = (
					"DEBUG=1",
					"$(inherited)",
				);
				GCC_WARN_64_TO_32_BIT_CONVERSION = YES;
				GCC_WARN_ABOUT_RETURN_TYPE = YES_ERROR;
				GCC_WARN_UNDECLARED_SELECTOR = YES;
				GCC_WARN_UNINITIALIZED_AUTOS = YES_AGGRESSIVE;
				GCC_WARN_UNUSED_FUNCTION = YES;
				GCC_WARN_UNUSED_VARIABLE = YES;
				MACOSX_DEPLOYMENT_TARGET = 11.4;
				MTL_ENABLE_DEBUG_INFO = INCLUDE_SOURCE;
				MTL_FAST_MATH = YES;
				ONLY_ACTIVE_ARCH = YES;
				SDKROOT = macosx;
			};
			name = Debug;
		};
		845890B42831DD9F00D67EAF /* Release */ = {
			isa = XCBuildConfiguration;
			buildSettings = {
				ALWAYS_SEARCH_USER_PATHS = NO;
				CLANG_ANALYZER_NONNULL = YES;
				CLANG_ANALYZER_NUMBER_OBJECT_CONVERSION = YES_AGGRESSIVE;
				CLANG_CXX_LANGUAGE_STANDARD = "gnu++17";
				CLANG_CXX_LIBRARY = "libc++";
				CLANG_ENABLE_MODULES = YES;
				CLANG_ENABLE_OBJC_ARC = YES;
				CLANG_ENABLE_OBJC_WEAK = YES;
				CLANG_WARN_BLOCK_CAPTURE_AUTORELEASING = YES;
				CLANG_WARN_BOOL_CONVERSION = YES;
				CLANG_WARN_COMMA = YES;
				CLANG_WARN_CONSTANT_CONVERSION = YES;
				CLANG_WARN_DEPRECATED_OBJC_IMPLEMENTATIONS = YES;
				CLANG_WARN_DIRECT_OBJC_ISA_USAGE = YES_ERROR;
				CLANG_WARN_DOCUMENTATION_COMMENTS = YES;
				CLANG_WARN_EMPTY_BODY = YES;
				CLANG_WARN_ENUM_CONVERSION = YES;
				CLANG_WARN_INFINITE_RECURSION = YES;
				CLANG_WARN_INT_CONVERSION = YES;
				CLANG_WARN_NON_LITERAL_NULL_CONVERSION = YES;
				CLANG_WARN_OBJC_IMPLICIT_RETAIN_SELF = YES;
				CLANG_WARN_OBJC_LITERAL_CONVERSION = YES;
				CLANG_WARN_OBJC_ROOT_CLASS = YES_ERROR;
				CLANG_WARN_QUOTED_INCLUDE_IN_FRAMEWORK_HEADER = YES;
				CLANG_WARN_RANGE_LOOP_ANALYSIS = YES;
				CLANG_WARN_STRICT_PROTOTYPES = YES;
				CLANG_WARN_SUSPICIOUS_MOVE = YES;
				CLANG_WARN_UNGUARDED_AVAILABILITY = YES_AGGRESSIVE;
				CLANG_WARN_UNREACHABLE_CODE = YES;
				CLANG_WARN__DUPLICATE_METHOD_MATCH = YES;
				COPY_PHASE_STRIP = NO;
				DEBUG_INFORMATION_FORMAT = "dwarf-with-dsym";
				ENABLE_NS_ASSERTIONS = NO;
				ENABLE_STRICT_OBJC_MSGSEND = YES;
				GCC_C_LANGUAGE_STANDARD = gnu11;
				GCC_NO_COMMON_BLOCKS = YES;
				GCC_WARN_64_TO_32_BIT_CONVERSION = YES;
				GCC_WARN_ABOUT_RETURN_TYPE = YES_ERROR;
				GCC_WARN_UNDECLARED_SELECTOR = YES;
				GCC_WARN_UNINITIALIZED_AUTOS = YES_AGGRESSIVE;
				GCC_WARN_UNUSED_FUNCTION = YES;
				GCC_WARN_UNUSED_VARIABLE = YES;
				MACOSX_DEPLOYMENT_TARGET = 11.4;
				MTL_ENABLE_DEBUG_INFO = NO;
				MTL_FAST_MATH = YES;
				SDKROOT = macosx;
			};
			name = Release;
		};
		845890B62831DD9F00D67EAF /* Debug */ = {
			isa = XCBuildConfiguration;
			buildSettings = {
				CODE_SIGN_STYLE = Automatic;
				PRODUCT_NAME = "$(TARGET_NAME)";
			};
			name = Debug;
		};
		845890B72831DD9F00D67EAF /* Release */ = {
			isa = XCBuildConfiguration;
			buildSettings = {
				CODE_SIGN_STYLE = Automatic;
				PRODUCT_NAME = "$(TARGET_NAME)";
			};
			name = Release;
		};
/* End XCBuildConfiguration section */

/* Begin XCConfigurationList section */
		845890A92831DD9F00D67EAF /* Build configuration list for PBXProject "leet-code-cplusplus" */ = {
			isa = XCConfigurationList;
			buildConfigurations = (
				845890B32831DD9F00D67EAF /* Debug */,
				845890B42831DD9F00D67EAF /* Release */,
			);
			defaultConfigurationIsVisible = 0;
			defaultConfigurationName = Release;
		};
		845890B52831DD9F00D67EAF /* Build configuration list for PBXNativeTarget "leet-code-cplusplus" */ = {
			isa = XCConfigurationList;
			buildConfigurations = (
				845890B62831DD9F00D67EAF /* Debug */,
				845890B72831DD9F00D67EAF /* Release */,
			);
			defaultConfigurationIsVisible = 0;
			defaultConfigurationName = Release;
		};
/* End XCConfigurationList section */
	};
	rootObject = 845890A62831DD9F00D67EAF /* Project object */;
}
